// !$*UTF8*$!
{
	archiveVersion = 1;
	classes = {
	};
	objectVersion = 51;
	objects = {

/* Begin PBXBuildFile section */
		BF07CEC222BB690F00E1B24E /* RealmAction.swift in Sources */ = {isa = PBXBuildFile; fileRef = BF07CEC122BB690F00E1B24E /* RealmAction.swift */; };
		BF07CEC422BB6BE300E1B24E /* UserInfo.swift in Sources */ = {isa = PBXBuildFile; fileRef = BF07CEC322BB6BE300E1B24E /* UserInfo.swift */; };
		BF07CEC622BB705500E1B24E /* extension+UIColot.swift in Sources */ = {isa = PBXBuildFile; fileRef = BF07CEC522BB705500E1B24E /* extension+UIColot.swift */; };
		BF07CEC822BB732100E1B24E /* SecCollectionCell.swift in Sources */ = {isa = PBXBuildFile; fileRef = BF07CEC722BB732100E1B24E /* SecCollectionCell.swift */; };
		BF07CECA22BB79E500E1B24E /* extension+SecViewController.swift in Sources */ = {isa = PBXBuildFile; fileRef = BF07CEC922BB79E500E1B24E /* extension+SecViewController.swift */; };
		BF07CECC22BCB6D900E1B24E /* ChallengeViewController.swift in Sources */ = {isa = PBXBuildFile; fileRef = BF07CECB22BCB6D900E1B24E /* ChallengeViewController.swift */; };
		BF07CECE22BCB6EB00E1B24E /* CompleteViewController.swift in Sources */ = {isa = PBXBuildFile; fileRef = BF07CECD22BCB6EB00E1B24E /* CompleteViewController.swift */; };
		BF07CEE422C0CBB000E1B24E /* when.json in Resources */ = {isa = PBXBuildFile; fileRef = BF07CEE122C0CBB000E1B24E /* when.json */; };
		BF07CEE522C0CBB000E1B24E /* where.json in Resources */ = {isa = PBXBuildFile; fileRef = BF07CEE222C0CBB000E1B24E /* where.json */; };
		BF07CEE622C0CBB000E1B24E /* what.json in Resources */ = {isa = PBXBuildFile; fileRef = BF07CEE322C0CBB000E1B24E /* what.json */; };
		BF07CEE822C0CCAC00E1B24E /* Adventure.swift in Sources */ = {isa = PBXBuildFile; fileRef = BF07CEE722C0CCAC00E1B24E /* Adventure.swift */; };
		BF07CEEA22C0D63100E1B24E /* ColorCollect.swift in Sources */ = {isa = PBXBuildFile; fileRef = BF07CEE922C0D63100E1B24E /* ColorCollect.swift */; };
		BF07CEEC22C0DA7B00E1B24E /* extension+RandomInt.swift in Sources */ = {isa = PBXBuildFile; fileRef = BF07CEEB22C0DA7B00E1B24E /* extension+RandomInt.swift */; };
		BF07CEEE22C1C4D700E1B24E /* ViewModel.swift in Sources */ = {isa = PBXBuildFile; fileRef = BF07CEED22C1C4D700E1B24E /* ViewModel.swift */; };
		BF07CEF022C1C7DF00E1B24E /* LoadingChallenge.swift in Sources */ = {isa = PBXBuildFile; fileRef = BF07CEEF22C1C7DF00E1B24E /* LoadingChallenge.swift */; };
		BF458EC422C37D0600767F47 /* BigAdventureTests.swift in Sources */ = {isa = PBXBuildFile; fileRef = BF458EC322C37D0600767F47 /* BigAdventureTests.swift */; };
		BFBBF24722BA0DB000DE94ED /* AppDelegate.swift in Sources */ = {isa = PBXBuildFile; fileRef = BFBBF24622BA0DB000DE94ED /* AppDelegate.swift */; };
		BFBBF24922BA0DB000DE94ED /* ViewController.swift in Sources */ = {isa = PBXBuildFile; fileRef = BFBBF24822BA0DB000DE94ED /* ViewController.swift */; };
		BFBBF24C22BA0DB000DE94ED /* Main.storyboard in Resources */ = {isa = PBXBuildFile; fileRef = BFBBF24A22BA0DB000DE94ED /* Main.storyboard */; };
		BFBBF24E22BA0DB000DE94ED /* Assets.xcassets in Resources */ = {isa = PBXBuildFile; fileRef = BFBBF24D22BA0DB000DE94ED /* Assets.xcassets */; };
		BFBBF25122BA0DB000DE94ED /* LaunchScreen.storyboard in Resources */ = {isa = PBXBuildFile; fileRef = BFBBF24F22BA0DB000DE94ED /* LaunchScreen.storyboard */; };
		BFBBF25B22BA134900DE94ED /* GoogleService-Info.plist in Resources */ = {isa = PBXBuildFile; fileRef = BFBBF25A22BA134800DE94ED /* GoogleService-Info.plist */; };
		BFBBF25E22BA28E400DE94ED /* SecViewController.swift in Sources */ = {isa = PBXBuildFile; fileRef = BFBBF25D22BA28E400DE94ED /* SecViewController.swift */; };
		BFBBF25F22BB2E9B00DE94ED /* crayon_1-1.ttf in Resources */ = {isa = PBXBuildFile; fileRef = BFBBF25822BA113100DE94ED /* crayon_1-1.ttf */; };
		BFBBF26122BB3BBE00DE94ED /* RealmObject.swift in Sources */ = {isa = PBXBuildFile; fileRef = BFBBF26022BB3BBE00DE94ED /* RealmObject.swift */; };
		D189763170B367841918BD15 /* Pods_BigAdventure.framework in Frameworks */ = {isa = PBXBuildFile; fileRef = BBAAE8CFB46AEC2C48CF5CAF /* Pods_BigAdventure.framework */; };
/* End PBXBuildFile section */

/* Begin PBXContainerItemProxy section */
		BF458EC622C37D0600767F47 /* PBXContainerItemProxy */ = {
			isa = PBXContainerItemProxy;
			containerPortal = BFBBF23B22BA0DAF00DE94ED /* Project object */;
			proxyType = 1;
			remoteGlobalIDString = BFBBF24222BA0DB000DE94ED;
			remoteInfo = BigAdventure;
		};
/* End PBXContainerItemProxy section */

/* Begin PBXFileReference section */
		7CB49D45A12ED58403FC0FCA /* Pods-BigAdventure.release.xcconfig */ = {isa = PBXFileReference; includeInIndex = 1; lastKnownFileType = text.xcconfig; name = "Pods-BigAdventure.release.xcconfig"; path = "Target Support Files/Pods-BigAdventure/Pods-BigAdventure.release.xcconfig"; sourceTree = "<group>"; };
		BBAAE8CFB46AEC2C48CF5CAF /* Pods_BigAdventure.framework */ = {isa = PBXFileReference; explicitFileType = wrapper.framework; includeInIndex = 0; path = Pods_BigAdventure.framework; sourceTree = BUILT_PRODUCTS_DIR; };
		BF07CEC122BB690F00E1B24E /* RealmAction.swift */ = {isa = PBXFileReference; lastKnownFileType = sourcecode.swift; path = RealmAction.swift; sourceTree = "<group>"; };
		BF07CEC322BB6BE300E1B24E /* UserInfo.swift */ = {isa = PBXFileReference; lastKnownFileType = sourcecode.swift; path = UserInfo.swift; sourceTree = "<group>"; };
		BF07CEC522BB705500E1B24E /* extension+UIColot.swift */ = {isa = PBXFileReference; lastKnownFileType = sourcecode.swift; path = "extension+UIColot.swift"; sourceTree = "<group>"; };
		BF07CEC722BB732100E1B24E /* SecCollectionCell.swift */ = {isa = PBXFileReference; lastKnownFileType = sourcecode.swift; path = SecCollectionCell.swift; sourceTree = "<group>"; };
		BF07CEC922BB79E500E1B24E /* extension+SecViewController.swift */ = {isa = PBXFileReference; lastKnownFileType = sourcecode.swift; path = "extension+SecViewController.swift"; sourceTree = "<group>"; };
		BF07CECB22BCB6D900E1B24E /* ChallengeViewController.swift */ = {isa = PBXFileReference; lastKnownFileType = sourcecode.swift; path = ChallengeViewController.swift; sourceTree = "<group>"; };
		BF07CECD22BCB6EB00E1B24E /* CompleteViewController.swift */ = {isa = PBXFileReference; lastKnownFileType = sourcecode.swift; path = CompleteViewController.swift; sourceTree = "<group>"; };
		BF07CEE122C0CBB000E1B24E /* when.json */ = {isa = PBXFileReference; fileEncoding = 4; lastKnownFileType = text.json; path = when.json; sourceTree = "<group>"; };
		BF07CEE222C0CBB000E1B24E /* where.json */ = {isa = PBXFileReference; fileEncoding = 4; lastKnownFileType = text.json; path = where.json; sourceTree = "<group>"; };
		BF07CEE322C0CBB000E1B24E /* what.json */ = {isa = PBXFileReference; fileEncoding = 4; lastKnownFileType = text.json; path = what.json; sourceTree = "<group>"; };
		BF07CEE722C0CCAC00E1B24E /* Adventure.swift */ = {isa = PBXFileReference; fileEncoding = 4; lastKnownFileType = sourcecode.swift; path = Adventure.swift; sourceTree = "<group>"; };
		BF07CEE922C0D63100E1B24E /* ColorCollect.swift */ = {isa = PBXFileReference; lastKnownFileType = sourcecode.swift; path = ColorCollect.swift; sourceTree = "<group>"; };
		BF07CEEB22C0DA7B00E1B24E /* extension+RandomInt.swift */ = {isa = PBXFileReference; lastKnownFileType = sourcecode.swift; path = "extension+RandomInt.swift"; sourceTree = "<group>"; };
		BF07CEED22C1C4D700E1B24E /* ViewModel.swift */ = {isa = PBXFileReference; lastKnownFileType = sourcecode.swift; path = ViewModel.swift; sourceTree = "<group>"; };
		BF07CEEF22C1C7DF00E1B24E /* LoadingChallenge.swift */ = {isa = PBXFileReference; lastKnownFileType = sourcecode.swift; path = LoadingChallenge.swift; sourceTree = "<group>"; };
		BF458EC122C37D0600767F47 /* BigAdventureTests.xctest */ = {isa = PBXFileReference; explicitFileType = wrapper.cfbundle; includeInIndex = 0; path = BigAdventureTests.xctest; sourceTree = BUILT_PRODUCTS_DIR; };
		BF458EC322C37D0600767F47 /* BigAdventureTests.swift */ = {isa = PBXFileReference; lastKnownFileType = sourcecode.swift; path = BigAdventureTests.swift; sourceTree = "<group>"; };
		BF458EC522C37D0600767F47 /* Info.plist */ = {isa = PBXFileReference; lastKnownFileType = text.plist.xml; path = Info.plist; sourceTree = "<group>"; };
		BFBBF24322BA0DB000DE94ED /* BigAdventure.app */ = {isa = PBXFileReference; explicitFileType = wrapper.application; includeInIndex = 0; path = BigAdventure.app; sourceTree = BUILT_PRODUCTS_DIR; };
		BFBBF24622BA0DB000DE94ED /* AppDelegate.swift */ = {isa = PBXFileReference; lastKnownFileType = sourcecode.swift; path = AppDelegate.swift; sourceTree = "<group>"; };
		BFBBF24822BA0DB000DE94ED /* ViewController.swift */ = {isa = PBXFileReference; lastKnownFileType = sourcecode.swift; path = ViewController.swift; sourceTree = "<group>"; };
		BFBBF24B22BA0DB000DE94ED /* Base */ = {isa = PBXFileReference; lastKnownFileType = file.storyboard; name = Base; path = Base.lproj/Main.storyboard; sourceTree = "<group>"; };
		BFBBF24D22BA0DB000DE94ED /* Assets.xcassets */ = {isa = PBXFileReference; lastKnownFileType = folder.assetcatalog; path = Assets.xcassets; sourceTree = "<group>"; };
		BFBBF25022BA0DB000DE94ED /* Base */ = {isa = PBXFileReference; lastKnownFileType = file.storyboard; name = Base; path = Base.lproj/LaunchScreen.storyboard; sourceTree = "<group>"; };
		BFBBF25222BA0DB000DE94ED /* Info.plist */ = {isa = PBXFileReference; lastKnownFileType = text.plist.xml; path = Info.plist; sourceTree = "<group>"; };
		BFBBF25822BA113100DE94ED /* crayon_1-1.ttf */ = {isa = PBXFileReference; lastKnownFileType = file; path = "crayon_1-1.ttf"; sourceTree = "<group>"; };
		BFBBF25A22BA134800DE94ED /* GoogleService-Info.plist */ = {isa = PBXFileReference; fileEncoding = 4; lastKnownFileType = text.plist.xml; path = "GoogleService-Info.plist"; sourceTree = "<group>"; };
		BFBBF25D22BA28E400DE94ED /* SecViewController.swift */ = {isa = PBXFileReference; lastKnownFileType = sourcecode.swift; path = SecViewController.swift; sourceTree = "<group>"; };
		BFBBF26022BB3BBE00DE94ED /* RealmObject.swift */ = {isa = PBXFileReference; lastKnownFileType = sourcecode.swift; path = RealmObject.swift; sourceTree = "<group>"; };
		C61E94949F43558DE108E2DC /* Pods-BigAdventure.debug.xcconfig */ = {isa = PBXFileReference; includeInIndex = 1; lastKnownFileType = text.xcconfig; name = "Pods-BigAdventure.debug.xcconfig"; path = "Target Support Files/Pods-BigAdventure/Pods-BigAdventure.debug.xcconfig"; sourceTree = "<group>"; };
/* End PBXFileReference section */

/* Begin PBXFrameworksBuildPhase section */
		BF458EBE22C37D0600767F47 /* Frameworks */ = {
			isa = PBXFrameworksBuildPhase;
			buildActionMask = 2147483647;
			files = (
			);
			runOnlyForDeploymentPostprocessing = 0;
		};
		BFBBF24022BA0DB000DE94ED /* Frameworks */ = {
			isa = PBXFrameworksBuildPhase;
			buildActionMask = 2147483647;
			files = (
				D189763170B367841918BD15 /* Pods_BigAdventure.framework in Frameworks */,
			);
			runOnlyForDeploymentPostprocessing = 0;
		};
/* End PBXFrameworksBuildPhase section */

/* Begin PBXGroup section */
		04E955FEDCAE147E330114B4 /* Frameworks */ = {
			isa = PBXGroup;
			children = (
				BBAAE8CFB46AEC2C48CF5CAF /* Pods_BigAdventure.framework */,
			);
			name = Frameworks;
			sourceTree = "<group>";
		};
		A6C94CB0DA47BE0855F95CEC /* Pods */ = {
			isa = PBXGroup;
			children = (
				C61E94949F43558DE108E2DC /* Pods-BigAdventure.debug.xcconfig */,
				7CB49D45A12ED58403FC0FCA /* Pods-BigAdventure.release.xcconfig */,
			);
			path = Pods;
			sourceTree = "<group>";
		};
		BF07CEBE22BB688B00E1B24E /* View */ = {
			isa = PBXGroup;
			children = (
				BFBBF24822BA0DB000DE94ED /* ViewController.swift */,
				BFBBF25D22BA28E400DE94ED /* SecViewController.swift */,
				BF07CECB22BCB6D900E1B24E /* ChallengeViewController.swift */,
				BF07CECD22BCB6EB00E1B24E /* CompleteViewController.swift */,
				BF07CEC922BB79E500E1B24E /* extension+SecViewController.swift */,
				BF07CEC722BB732100E1B24E /* SecCollectionCell.swift */,
			);
			path = View;
			sourceTree = "<group>";
		};
		BF07CEBF22BB689400E1B24E /* Model */ = {
			isa = PBXGroup;
			children = (
				BFBBF26022BB3BBE00DE94ED /* RealmObject.swift */,
				BF07CEC322BB6BE300E1B24E /* UserInfo.swift */,
				BF07CEE722C0CCAC00E1B24E /* Adventure.swift */,
				BF07CEE922C0D63100E1B24E /* ColorCollect.swift */,
				BF07CEEF22C1C7DF00E1B24E /* LoadingChallenge.swift */,
			);
			path = Model;
			sourceTree = "<group>";
		};
		BF07CEC022BB68A200E1B24E /* ViewModel */ = {
			isa = PBXGroup;
			children = (
				BF07CEC122BB690F00E1B24E /* RealmAction.swift */,
				BF07CEED22C1C4D700E1B24E /* ViewModel.swift */,
			);
			path = ViewModel;
			sourceTree = "<group>";
		};
		BF458EC222C37D0600767F47 /* BigAdventureTests */ = {
			isa = PBXGroup;
			children = (
				BF458EC322C37D0600767F47 /* BigAdventureTests.swift */,
				BF458EC522C37D0600767F47 /* Info.plist */,
			);
			path = BigAdventureTests;
			sourceTree = "<group>";
		};
		BFBBF23A22BA0DAF00DE94ED = {
			isa = PBXGroup;
			children = (
				BFBBF24522BA0DB000DE94ED /* BigAdventure */,
				BF458EC222C37D0600767F47 /* BigAdventureTests */,
				BFBBF24422BA0DB000DE94ED /* Products */,
				A6C94CB0DA47BE0855F95CEC /* Pods */,
				04E955FEDCAE147E330114B4 /* Frameworks */,
			);
			sourceTree = "<group>";
		};
		BFBBF24422BA0DB000DE94ED /* Products */ = {
			isa = PBXGroup;
			children = (
				BFBBF24322BA0DB000DE94ED /* BigAdventure.app */,
				BF458EC122C37D0600767F47 /* BigAdventureTests.xctest */,
			);
			name = Products;
			sourceTree = "<group>";
		};
		BFBBF24522BA0DB000DE94ED /* BigAdventure */ = {
			isa = PBXGroup;
			children = (
				BFBBF25A22BA134800DE94ED /* GoogleService-Info.plist */,
				BFBBF24622BA0DB000DE94ED /* AppDelegate.swift */,
				BF07CEBF22BB689400E1B24E /* Model */,
				BF07CEBE22BB688B00E1B24E /* View */,
				BF07CEC022BB68A200E1B24E /* ViewModel */,
				BFBBF24A22BA0DB000DE94ED /* Main.storyboard */,
				BFBBF24D22BA0DB000DE94ED /* Assets.xcassets */,
				BFBBF24F22BA0DB000DE94ED /* LaunchScreen.storyboard */,
				BFBBF25222BA0DB000DE94ED /* Info.plist */,
				BFBBF25922BA113600DE94ED /* core */,
			);
			path = BigAdventure;
			sourceTree = "<group>";
		};
		BFBBF25922BA113600DE94ED /* core */ = {
			isa = PBXGroup;
			children = (
				BF07CEC522BB705500E1B24E /* extension+UIColot.swift */,
				BF07CEEB22C0DA7B00E1B24E /* extension+RandomInt.swift */,
				BFBBF25822BA113100DE94ED /* crayon_1-1.ttf */,
				BF07CEE322C0CBB000E1B24E /* what.json */,
				BF07CEE122C0CBB000E1B24E /* when.json */,
				BF07CEE222C0CBB000E1B24E /* where.json */,
			);
			path = core;
			sourceTree = "<group>";
		};
/* End PBXGroup section */

/* Begin PBXNativeTarget section */
		BF458EC022C37D0600767F47 /* BigAdventureTests */ = {
			isa = PBXNativeTarget;
			buildConfigurationList = BF458ECA22C37D0600767F47 /* Build configuration list for PBXNativeTarget "BigAdventureTests" */;
			buildPhases = (
				BF458EBD22C37D0600767F47 /* Sources */,
				BF458EBE22C37D0600767F47 /* Frameworks */,
				BF458EBF22C37D0600767F47 /* Resources */,
			);
			buildRules = (
			);
			dependencies = (
				BF458EC722C37D0600767F47 /* PBXTargetDependency */,
			);
			name = BigAdventureTests;
			productName = BigAdventureTests;
			productReference = BF458EC122C37D0600767F47 /* BigAdventureTests.xctest */;
			productType = "com.apple.product-type.bundle.unit-test";
		};
		BFBBF24222BA0DB000DE94ED /* BigAdventure */ = {
			isa = PBXNativeTarget;
			buildConfigurationList = BFBBF25522BA0DB000DE94ED /* Build configuration list for PBXNativeTarget "BigAdventure" */;
			buildPhases = (
				8BBED7E840E3AC188630602A /* [CP] Check Pods Manifest.lock */,
				BFBBF23F22BA0DB000DE94ED /* Sources */,
				BFBBF24022BA0DB000DE94ED /* Frameworks */,
				BFBBF24122BA0DB000DE94ED /* Resources */,
				BFBBF25C22BA182B00DE94ED /* ShellScript */,
				C89CE4FBD1911A57DC9AC48B /* [CP] Embed Pods Frameworks */,
				EFF2CA382A9B570AFD048739 /* [CP] Copy Pods Resources */,
			);
			buildRules = (
			);
			dependencies = (
			);
			name = BigAdventure;
			productName = BigAdventure;
			productReference = BFBBF24322BA0DB000DE94ED /* BigAdventure.app */;
			productType = "com.apple.product-type.application";
		};
/* End PBXNativeTarget section */

/* Begin PBXProject section */
		BFBBF23B22BA0DAF00DE94ED /* Project object */ = {
			isa = PBXProject;
			attributes = {
				LastSwiftUpdateCheck = 1020;
				LastUpgradeCheck = 1020;
				ORGANIZATIONNAME = "洪立德";
				TargetAttributes = {
					BF458EC022C37D0600767F47 = {
						CreatedOnToolsVersion = 10.2.1;
						TestTargetID = BFBBF24222BA0DB000DE94ED;
					};
					BFBBF24222BA0DB000DE94ED = {
						CreatedOnToolsVersion = 10.2.1;
					};
				};
			};
			buildConfigurationList = BFBBF23E22BA0DAF00DE94ED /* Build configuration list for PBXProject "BigAdventure" */;
			compatibilityVersion = "Xcode 9.3";
			developmentRegion = en;
			hasScannedForEncodings = 0;
			knownRegions = (
				en,
				Base,
			);
			mainGroup = BFBBF23A22BA0DAF00DE94ED;
			productRefGroup = BFBBF24422BA0DB000DE94ED /* Products */;
			projectDirPath = "";
			projectRoot = "";
			targets = (
				BFBBF24222BA0DB000DE94ED /* BigAdventure */,
				BF458EC022C37D0600767F47 /* BigAdventureTests */,
			);
		};
/* End PBXProject section */

/* Begin PBXResourcesBuildPhase section */
		BF458EBF22C37D0600767F47 /* Resources */ = {
			isa = PBXResourcesBuildPhase;
			buildActionMask = 2147483647;
			files = (
			);
			runOnlyForDeploymentPostprocessing = 0;
		};
		BFBBF24122BA0DB000DE94ED /* Resources */ = {
			isa = PBXResourcesBuildPhase;
			buildActionMask = 2147483647;
			files = (
				BFBBF25F22BB2E9B00DE94ED /* crayon_1-1.ttf in Resources */,
				BFBBF25122BA0DB000DE94ED /* LaunchScreen.storyboard in Resources */,
				BFBBF25B22BA134900DE94ED /* GoogleService-Info.plist in Resources */,
				BFBBF24E22BA0DB000DE94ED /* Assets.xcassets in Resources */,
				BF07CEE522C0CBB000E1B24E /* where.json in Resources */,
				BF07CEE622C0CBB000E1B24E /* what.json in Resources */,
				BFBBF24C22BA0DB000DE94ED /* Main.storyboard in Resources */,
				BF07CEE422C0CBB000E1B24E /* when.json in Resources */,
			);
			runOnlyForDeploymentPostprocessing = 0;
		};
/* End PBXResourcesBuildPhase section */

/* Begin PBXShellScriptBuildPhase section */
		8BBED7E840E3AC188630602A /* [CP] Check Pods Manifest.lock */ = {
			isa = PBXShellScriptBuildPhase;
			buildActionMask = 2147483647;
			files = (
			);
			inputFileListPaths = (
			);
			inputPaths = (
				"${PODS_PODFILE_DIR_PATH}/Podfile.lock",
				"${PODS_ROOT}/Manifest.lock",
			);
			name = "[CP] Check Pods Manifest.lock";
			outputFileListPaths = (
			);
			outputPaths = (
				"$(DERIVED_FILE_DIR)/Pods-BigAdventure-checkManifestLockResult.txt",
			);
			runOnlyForDeploymentPostprocessing = 0;
			shellPath = /bin/sh;
			shellScript = "diff \"${PODS_PODFILE_DIR_PATH}/Podfile.lock\" \"${PODS_ROOT}/Manifest.lock\" > /dev/null\nif [ $? != 0 ] ; then\n    # print error to STDERR\n    echo \"error: The sandbox is not in sync with the Podfile.lock. Run 'pod install' or update your CocoaPods installation.\" >&2\n    exit 1\nfi\n# This output is used by Xcode 'outputs' to avoid re-running this script phase.\necho \"SUCCESS\" > \"${SCRIPT_OUTPUT_FILE_0}\"\n";
			showEnvVarsInLog = 0;
		};
		BFBBF25C22BA182B00DE94ED /* ShellScript */ = {
			isa = PBXShellScriptBuildPhase;
			buildActionMask = 2147483647;
			files = (
			);
			inputFileListPaths = (
			);
			inputPaths = (
			);
			outputFileListPaths = (
			);
			outputPaths = (
			);
			runOnlyForDeploymentPostprocessing = 0;
			shellPath = /bin/sh;
			shellScript = "\"${PODS_ROOT}/SwiftLint/swiftlint\"\n";
		};
		C89CE4FBD1911A57DC9AC48B /* [CP] Embed Pods Frameworks */ = {
			isa = PBXShellScriptBuildPhase;
			buildActionMask = 2147483647;
			files = (
			);
			inputFileListPaths = (
				"${PODS_ROOT}/Target Support Files/Pods-BigAdventure/Pods-BigAdventure-frameworks-${CONFIGURATION}-input-files.xcfilelist",
			);
			name = "[CP] Embed Pods Frameworks";
			outputFileListPaths = (
				"${PODS_ROOT}/Target Support Files/Pods-BigAdventure/Pods-BigAdventure-frameworks-${CONFIGURATION}-output-files.xcfilelist",
			);
			runOnlyForDeploymentPostprocessing = 0;
			shellPath = /bin/sh;
			shellScript = "\"${PODS_ROOT}/Target Support Files/Pods-BigAdventure/Pods-BigAdventure-frameworks.sh\"\n";
			showEnvVarsInLog = 0;
		};
		EFF2CA382A9B570AFD048739 /* [CP] Copy Pods Resources */ = {
			isa = PBXShellScriptBuildPhase;
			buildActionMask = 2147483647;
			files = (
			);
			inputFileListPaths = (
				"${PODS_ROOT}/Target Support Files/Pods-BigAdventure/Pods-BigAdventure-resources-${CONFIGURATION}-input-files.xcfilelist",
			);
			name = "[CP] Copy Pods Resources";
			outputFileListPaths = (
				"${PODS_ROOT}/Target Support Files/Pods-BigAdventure/Pods-BigAdventure-resources-${CONFIGURATION}-output-files.xcfilelist",
			);
			runOnlyForDeploymentPostprocessing = 0;
			shellPath = /bin/sh;
			shellScript = "\"${PODS_ROOT}/Target Support Files/Pods-BigAdventure/Pods-BigAdventure-resources.sh\"\n";
			showEnvVarsInLog = 0;
		};
/* End PBXShellScriptBuildPhase section */

/* Begin PBXSourcesBuildPhase section */
		BF458EBD22C37D0600767F47 /* Sources */ = {
			isa = PBXSourcesBuildPhase;
			buildActionMask = 2147483647;
			files = (
				BF458EC422C37D0600767F47 /* BigAdventureTests.swift in Sources */,
			);
			runOnlyForDeploymentPostprocessing = 0;
		};
		BFBBF23F22BA0DB000DE94ED /* Sources */ = {
			isa = PBXSourcesBuildPhase;
			buildActionMask = 2147483647;
			files = (
				BFBBF26122BB3BBE00DE94ED /* RealmObject.swift in Sources */,
				BFBBF24922BA0DB000DE94ED /* ViewController.swift in Sources */,
				BF07CECA22BB79E500E1B24E /* extension+SecViewController.swift in Sources */,
				BFBBF24722BA0DB000DE94ED /* AppDelegate.swift in Sources */,
				BF07CEEC22C0DA7B00E1B24E /* extension+RandomInt.swift in Sources */,
				BF07CEE822C0CCAC00E1B24E /* Adventure.swift in Sources */,
				BF07CECE22BCB6EB00E1B24E /* CompleteViewController.swift in Sources */,
				BF07CEC822BB732100E1B24E /* SecCollectionCell.swift in Sources */,
				BF07CEC222BB690F00E1B24E /* RealmAction.swift in Sources */,
				BF07CEEA22C0D63100E1B24E /* ColorCollect.swift in Sources */,
				BF07CEEE22C1C4D700E1B24E /* ViewModel.swift in Sources */,
				BF07CECC22BCB6D900E1B24E /* ChallengeViewController.swift in Sources */,
				BF07CEC622BB705500E1B24E /* extension+UIColot.swift in Sources */,
				BF07CEF022C1C7DF00E1B24E /* LoadingChallenge.swift in Sources */,
				BF07CEC422BB6BE300E1B24E /* UserInfo.swift in Sources */,
				BFBBF25E22BA28E400DE94ED /* SecViewController.swift in Sources */,
			);
			runOnlyForDeploymentPostprocessing = 0;
		};
/* End PBXSourcesBuildPhase section */

/* Begin PBXTargetDependency section */
		BF458EC722C37D0600767F47 /* PBXTargetDependency */ = {
			isa = PBXTargetDependency;
			target = BFBBF24222BA0DB000DE94ED /* BigAdventure */;
			targetProxy = BF458EC622C37D0600767F47 /* PBXContainerItemProxy */;
		};
/* End PBXTargetDependency section */

/* Begin PBXVariantGroup section */
		BFBBF24A22BA0DB000DE94ED /* Main.storyboard */ = {
			isa = PBXVariantGroup;
			children = (
				BFBBF24B22BA0DB000DE94ED /* Base */,
			);
			name = Main.storyboard;
			sourceTree = "<group>";
		};
		BFBBF24F22BA0DB000DE94ED /* LaunchScreen.storyboard */ = {
			isa = PBXVariantGroup;
			children = (
				BFBBF25022BA0DB000DE94ED /* Base */,
			);
			name = LaunchScreen.storyboard;
			sourceTree = "<group>";
		};
/* End PBXVariantGroup section */

/* Begin XCBuildConfiguration section */
		BF458EC822C37D0600767F47 /* Debug */ = {
			isa = XCBuildConfiguration;
			buildSettings = {
				BUNDLE_LOADER = "$(TEST_HOST)";
				CODE_SIGN_STYLE = Automatic;
				DEVELOPMENT_TEAM = 2TWMWL39TU;
				INFOPLIST_FILE = BigAdventureTests/Info.plist;
				LD_RUNPATH_SEARCH_PATHS = (
					"$(inherited)",
					"@executable_path/Frameworks",
					"@loader_path/Frameworks",
				);
				PRODUCT_BUNDLE_IDENTIFIER = com.jimmy.google.BigAdventureTests;
				PRODUCT_NAME = "$(TARGET_NAME)";
				SWIFT_VERSION = 5.0;
				TARGETED_DEVICE_FAMILY = "1,2";
				TEST_HOST = "$(BUILT_PRODUCTS_DIR)/BigAdventure.app/BigAdventure";
			};
			name = Debug;
		};
		BF458EC922C37D0600767F47 /* Release */ = {
			isa = XCBuildConfiguration;
			buildSettings = {
				BUNDLE_LOADER = "$(TEST_HOST)";
				CODE_SIGN_STYLE = Automatic;
				DEVELOPMENT_TEAM = 2TWMWL39TU;
				INFOPLIST_FILE = BigAdventureTests/Info.plist;
				LD_RUNPATH_SEARCH_PATHS = (
					"$(inherited)",
					"@executable_path/Frameworks",
					"@loader_path/Frameworks",
				);
				PRODUCT_BUNDLE_IDENTIFIER = com.jimmy.google.BigAdventureTests;
				PRODUCT_NAME = "$(TARGET_NAME)";
				SWIFT_VERSION = 5.0;
				TARGETED_DEVICE_FAMILY = "1,2";
				TEST_HOST = "$(BUILT_PRODUCTS_DIR)/BigAdventure.app/BigAdventure";
			};
			name = Release;
		};
		BFBBF25322BA0DB000DE94ED /* Debug */ = {
			isa = XCBuildConfiguration;
			buildSettings = {
				ALWAYS_SEARCH_USER_PATHS = NO;
				CLANG_ANALYZER_NONNULL = YES;
				CLANG_ANALYZER_NUMBER_OBJECT_CONVERSION = YES_AGGRESSIVE;
				CLANG_CXX_LANGUAGE_STANDARD = "gnu++14";
				CLANG_CXX_LIBRARY = "libc++";
				CLANG_ENABLE_MODULES = YES;
				CLANG_ENABLE_OBJC_ARC = YES;
				CLANG_ENABLE_OBJC_WEAK = YES;
				CLANG_WARN_BLOCK_CAPTURE_AUTORELEASING = YES;
				CLANG_WARN_BOOL_CONVERSION = YES;
				CLANG_WARN_COMMA = YES;
				CLANG_WARN_CONSTANT_CONVERSION = YES;
				CLANG_WARN_DEPRECATED_OBJC_IMPLEMENTATIONS = YES;
				CLANG_WARN_DIRECT_OBJC_ISA_USAGE = YES_ERROR;
				CLANG_WARN_DOCUMENTATION_COMMENTS = YES;
				CLANG_WARN_EMPTY_BODY = YES;
				CLANG_WARN_ENUM_CONVERSION = YES;
				CLANG_WARN_INFINITE_RECURSION = YES;
				CLANG_WARN_INT_CONVERSION = YES;
				CLANG_WARN_NON_LITERAL_NULL_CONVERSION = YES;
				CLANG_WARN_OBJC_IMPLICIT_RETAIN_SELF = YES;
				CLANG_WARN_OBJC_LITERAL_CONVERSION = YES;
				CLANG_WARN_OBJC_ROOT_CLASS = YES_ERROR;
				CLANG_WARN_RANGE_LOOP_ANALYSIS = YES;
				CLANG_WARN_STRICT_PROTOTYPES = YES;
				CLANG_WARN_SUSPICIOUS_MOVE = YES;
				CLANG_WARN_UNGUARDED_AVAILABILITY = YES_AGGRESSIVE;
				CLANG_WARN_UNREACHABLE_CODE = YES;
				CLANG_WARN__DUPLICATE_METHOD_MATCH = YES;
				CODE_SIGN_IDENTITY = "iPhone Developer";
				COPY_PHASE_STRIP = NO;
				DEBUG_INFORMATION_FORMAT = dwarf;
				ENABLE_STRICT_OBJC_MSGSEND = YES;
				ENABLE_TESTABILITY = YES;
				GCC_C_LANGUAGE_STANDARD = gnu11;
				GCC_DYNAMIC_NO_PIC = NO;
				GCC_NO_COMMON_BLOCKS = YES;
				GCC_OPTIMIZATION_LEVEL = 0;
				GCC_PREPROCESSOR_DEFINITIONS = (
					"DEBUG=1",
					"$(inherited)",
				);
				GCC_WARN_64_TO_32_BIT_CONVERSION = YES;
				GCC_WARN_ABOUT_RETURN_TYPE = YES_ERROR;
				GCC_WARN_UNDECLARED_SELECTOR = YES;
				GCC_WARN_UNINITIALIZED_AUTOS = YES_AGGRESSIVE;
				GCC_WARN_UNUSED_FUNCTION = YES;
				GCC_WARN_UNUSED_VARIABLE = YES;
				IPHONEOS_DEPLOYMENT_TARGET = 12.2;
				MTL_ENABLE_DEBUG_INFO = INCLUDE_SOURCE;
				MTL_FAST_MATH = YES;
				ONLY_ACTIVE_ARCH = YES;
				SDKROOT = iphoneos;
				SWIFT_ACTIVE_COMPILATION_CONDITIONS = DEBUG;
				SWIFT_OPTIMIZATION_LEVEL = "-Onone";
			};
			name = Debug;
		};
		BFBBF25422BA0DB000DE94ED /* Release */ = {
			isa = XCBuildConfiguration;
			buildSettings = {
				ALWAYS_SEARCH_USER_PATHS = NO;
				CLANG_ANALYZER_NONNULL = YES;
				CLANG_ANALYZER_NUMBER_OBJECT_CONVERSION = YES_AGGRESSIVE;
				CLANG_CXX_LANGUAGE_STANDARD = "gnu++14";
				CLANG_CXX_LIBRARY = "libc++";
				CLANG_ENABLE_MODULES = YES;
				CLANG_ENABLE_OBJC_ARC = YES;
				CLANG_ENABLE_OBJC_WEAK = YES;
				CLANG_WARN_BLOCK_CAPTURE_AUTORELEASING = YES;
				CLANG_WARN_BOOL_CONVERSION = YES;
				CLANG_WARN_COMMA = YES;
				CLANG_WARN_CONSTANT_CONVERSION = YES;
				CLANG_WARN_DEPRECATED_OBJC_IMPLEMENTATIONS = YES;
				CLANG_WARN_DIRECT_OBJC_ISA_USAGE = YES_ERROR;
				CLANG_WARN_DOCUMENTATION_COMMENTS = YES;
				CLANG_WARN_EMPTY_BODY = YES;
				CLANG_WARN_ENUM_CONVERSION = YES;
				CLANG_WARN_INFINITE_RECURSION = YES;
				CLANG_WARN_INT_CONVERSION = YES;
				CLANG_WARN_NON_LITERAL_NULL_CONVERSION = YES;
				CLANG_WARN_OBJC_IMPLICIT_RETAIN_SELF = YES;
				CLANG_WARN_OBJC_LITERAL_CONVERSION = YES;
				CLANG_WARN_OBJC_ROOT_CLASS = YES_ERROR;
				CLANG_WARN_RANGE_LOOP_ANALYSIS = YES;
				CLANG_WARN_STRICT_PROTOTYPES = YES;
				CLANG_WARN_SUSPICIOUS_MOVE = YES;
				CLANG_WARN_UNGUARDED_AVAILABILITY = YES_AGGRESSIVE;
				CLANG_WARN_UNREACHABLE_CODE = YES;
				CLANG_WARN__DUPLICATE_METHOD_MATCH = YES;
				CODE_SIGN_IDENTITY = "iPhone Developer";
				COPY_PHASE_STRIP = NO;
				DEBUG_INFORMATION_FORMAT = "dwarf-with-dsym";
				ENABLE_NS_ASSERTIONS = NO;
				ENABLE_STRICT_OBJC_MSGSEND = YES;
				GCC_C_LANGUAGE_STANDARD = gnu11;
				GCC_NO_COMMON_BLOCKS = YES;
				GCC_WARN_64_TO_32_BIT_CONVERSION = YES;
				GCC_WARN_ABOUT_RETURN_TYPE = YES_ERROR;
				GCC_WARN_UNDECLARED_SELECTOR = YES;
				GCC_WARN_UNINITIALIZED_AUTOS = YES_AGGRESSIVE;
				GCC_WARN_UNUSED_FUNCTION = YES;
				GCC_WARN_UNUSED_VARIABLE = YES;
				IPHONEOS_DEPLOYMENT_TARGET = 12.2;
				MTL_ENABLE_DEBUG_INFO = NO;
				MTL_FAST_MATH = YES;
				SDKROOT = iphoneos;
				SWIFT_COMPILATION_MODE = wholemodule;
				SWIFT_OPTIMIZATION_LEVEL = "-O";
				VALIDATE_PRODUCT = YES;
			};
			name = Release;
		};
		BFBBF25622BA0DB000DE94ED /* Debug */ = {
			isa = XCBuildConfiguration;
			baseConfigurationReference = C61E94949F43558DE108E2DC /* Pods-BigAdventure.debug.xcconfig */;
			buildSettings = {
				ASSETCATALOG_COMPILER_APPICON_NAME = AppIcon;
				CODE_SIGN_IDENTITY = "iPhone Developer";
				CODE_SIGN_STYLE = Manual;
				DEVELOPMENT_TEAM = 2TWMWL39TU;
				INFOPLIST_FILE = BigAdventure/Info.plist;
				LD_RUNPATH_SEARCH_PATHS = (
					"$(inherited)",
					"@executable_path/Frameworks",
				);
				PRODUCT_BUNDLE_IDENTIFIER = com.jimmy.BigAdventure;
				PRODUCT_NAME = "$(TARGET_NAME)";
				PROVISIONING_PROFILE_SPECIFIER = "match Development com.jimmy.BigAdventure";
				SWIFT_VERSION = 5.0;
				TARGETED_DEVICE_FAMILY = "1,2";
			};
			name = Debug;
		};
		BFBBF25722BA0DB000DE94ED /* Release */ = {
			isa = XCBuildConfiguration;
			baseConfigurationReference = 7CB49D45A12ED58403FC0FCA /* Pods-BigAdventure.release.xcconfig */;
			buildSettings = {
				ASSETCATALOG_COMPILER_APPICON_NAME = AppIcon;
				CODE_SIGN_IDENTITY = "iPhone Developer";
				CODE_SIGN_STYLE = Manual;
				DEVELOPMENT_TEAM = "";
				INFOPLIST_FILE = BigAdventure/Info.plist;
				LD_RUNPATH_SEARCH_PATHS = (
					"$(inherited)",
					"@executable_path/Frameworks",
				);
				PRODUCT_BUNDLE_IDENTIFIER = com.jimmy.BigAdventure;
				PRODUCT_NAME = "$(TARGET_NAME)";
				PROVISIONING_PROFILE_SPECIFIER = "";
				SWIFT_VERSION = 5.0;
				TARGETED_DEVICE_FAMILY = "1,2";
			};
			name = Release;
		};
/* End XCBuildConfiguration section */

/* Begin XCConfigurationList section */
		BF458ECA22C37D0600767F47 /* Build configuration list for PBXNativeTarget "BigAdventureTests" */ = {
			isa = XCConfigurationList;
			buildConfigurations = (
				BF458EC822C37D0600767F47 /* Debug */,
				BF458EC922C37D0600767F47 /* Release */,
			);
			defaultConfigurationIsVisible = 0;
			defaultConfigurationName = Release;
		};
		BFBBF23E22BA0DAF00DE94ED /* Build configuration list for PBXProject "BigAdventure" */ = {
			isa = XCConfigurationList;
			buildConfigurations = (
				BFBBF25322BA0DB000DE94ED /* Debug */,
				BFBBF25422BA0DB000DE94ED /* Release */,
			);
			defaultConfigurationIsVisible = 0;
			defaultConfigurationName = Release;
		};
		BFBBF25522BA0DB000DE94ED /* Build configuration list for PBXNativeTarget "BigAdventure" */ = {
			isa = XCConfigurationList;
			buildConfigurations = (
				BFBBF25622BA0DB000DE94ED /* Debug */,
				BFBBF25722BA0DB000DE94ED /* Release */,
			);
			defaultConfigurationIsVisible = 0;
			defaultConfigurationName = Release;
		};
/* End XCConfigurationList section */
	};
	rootObject = BFBBF23B22BA0DAF00DE94ED /* Project object */;
}
